// !$*UTF8*$!
{
	archiveVersion = 1;
	classes = {
	};
	objectVersion = 55;
	objects = {

/* Begin PBXBuildFile section */
		C049E483D7970309F9627AF0 /* Pods_RisingCamp_Week2.framework in Frameworks */ = {isa = PBXBuildFile; fileRef = C84C84760D46347C00535C3A /* Pods_RisingCamp_Week2.framework */; };
		DD0212682988C45D000A73FF /* CustomLabel.swift in Sources */ = {isa = PBXBuildFile; fileRef = DD0212672988C45D000A73FF /* CustomLabel.swift */; };
		DD45D8E2298B8FB400F82544 /* HotCoffeesMenuViewController.swift in Sources */ = {isa = PBXBuildFile; fileRef = DD45D8E1298B8FB400F82544 /* HotCoffeesMenuViewController.swift */; };
		DDA5AD4329888630004B3D62 /* AppDelegate.swift in Sources */ = {isa = PBXBuildFile; fileRef = DDA5AD4229888630004B3D62 /* AppDelegate.swift */; };
		DDA5AD4529888630004B3D62 /* SceneDelegate.swift in Sources */ = {isa = PBXBuildFile; fileRef = DDA5AD4429888630004B3D62 /* SceneDelegate.swift */; };
		DDA5AD4729888630004B3D62 /* HomeViewController.swift in Sources */ = {isa = PBXBuildFile; fileRef = DDA5AD4629888630004B3D62 /* HomeViewController.swift */; };
		DDA5AD4A29888630004B3D62 /* Main.storyboard in Resources */ = {isa = PBXBuildFile; fileRef = DDA5AD4829888630004B3D62 /* Main.storyboard */; };
		DDA5AD4C29888631004B3D62 /* Assets.xcassets in Resources */ = {isa = PBXBuildFile; fileRef = DDA5AD4B29888631004B3D62 /* Assets.xcassets */; };
		DDA5AD4F29888631004B3D62 /* LaunchScreen.storyboard in Resources */ = {isa = PBXBuildFile; fileRef = DDA5AD4D29888631004B3D62 /* LaunchScreen.storyboard */; };
		DDDBE70C298910C5007FA5C7 /* CustomView.swift in Sources */ = {isa = PBXBuildFile; fileRef = DDDBE70B298910C5007FA5C7 /* CustomView.swift */; };
		DDDBE70E2989118C007FA5C7 /* CustomButton.swift in Sources */ = {isa = PBXBuildFile; fileRef = DDDBE70D2989118C007FA5C7 /* CustomButton.swift */; };
		DDDBE71029891506007FA5C7 /* CustomImageView.swift in Sources */ = {isa = PBXBuildFile; fileRef = DDDBE70F29891506007FA5C7 /* CustomImageView.swift */; };
		DDDCE727298A4C3900C33E2C /* OrderViewController.swift in Sources */ = {isa = PBXBuildFile; fileRef = DDDCE726298A4C3900C33E2C /* OrderViewController.swift */; };
		DDDCE72C298A4EA000C33E2C /* OrderTableViewCell.swift in Sources */ = {isa = PBXBuildFile; fileRef = DDDCE72A298A4EA000C33E2C /* OrderTableViewCell.swift */; };
		DDDCE72D298A4EA000C33E2C /* OrderTableViewCell.xib in Resources */ = {isa = PBXBuildFile; fileRef = DDDCE72B298A4EA000C33E2C /* OrderTableViewCell.xib */; };
		DDDCE72F298A755800C33E2C /* TableVIewCustomHeader.swift in Sources */ = {isa = PBXBuildFile; fileRef = DDDCE72E298A755800C33E2C /* TableVIewCustomHeader.swift */; };
		DDDCE733298A781300C33E2C /* TableVIewCustomHeader.xib in Resources */ = {isa = PBXBuildFile; fileRef = DDDCE732298A781300C33E2C /* TableVIewCustomHeader.xib */; };
		DDE8FDD4298B875D00589A93 /* HotCoffeesViewController.swift in Sources */ = {isa = PBXBuildFile; fileRef = DDE8FDD3298B875D00589A93 /* HotCoffeesViewController.swift */; };
/* End PBXBuildFile section */

/* Begin PBXFileReference section */
		15EC0A3DE5A6A4464D12C797 /* Pods-RisingCamp-Week2.release.xcconfig */ = {isa = PBXFileReference; includeInIndex = 1; lastKnownFileType = text.xcconfig; name = "Pods-RisingCamp-Week2.release.xcconfig"; path = "Target Support Files/Pods-RisingCamp-Week2/Pods-RisingCamp-Week2.release.xcconfig"; sourceTree = "<group>"; };
		C84C84760D46347C00535C3A /* Pods_RisingCamp_Week2.framework */ = {isa = PBXFileReference; explicitFileType = wrapper.framework; includeInIndex = 0; path = Pods_RisingCamp_Week2.framework; sourceTree = BUILT_PRODUCTS_DIR; };
		D5EBF559B30A0F9C662373A0 /* Pods-RisingCamp-Week2.debug.xcconfig */ = {isa = PBXFileReference; includeInIndex = 1; lastKnownFileType = text.xcconfig; name = "Pods-RisingCamp-Week2.debug.xcconfig"; path = "Target Support Files/Pods-RisingCamp-Week2/Pods-RisingCamp-Week2.debug.xcconfig"; sourceTree = "<group>"; };
		DD0212672988C45D000A73FF /* CustomLabel.swift */ = {isa = PBXFileReference; lastKnownFileType = sourcecode.swift; path = CustomLabel.swift; sourceTree = "<group>"; };
		DD45D8E1298B8FB400F82544 /* HotCoffeesMenuViewController.swift */ = {isa = PBXFileReference; lastKnownFileType = sourcecode.swift; path = HotCoffeesMenuViewController.swift; sourceTree = "<group>"; };
		DDA5AD3F29888630004B3D62 /* RisingCamp-Week2.app */ = {isa = PBXFileReference; explicitFileType = wrapper.application; includeInIndex = 0; path = "RisingCamp-Week2.app"; sourceTree = BUILT_PRODUCTS_DIR; };
		DDA5AD4229888630004B3D62 /* AppDelegate.swift */ = {isa = PBXFileReference; lastKnownFileType = sourcecode.swift; path = AppDelegate.swift; sourceTree = "<group>"; };
		DDA5AD4429888630004B3D62 /* SceneDelegate.swift */ = {isa = PBXFileReference; lastKnownFileType = sourcecode.swift; path = SceneDelegate.swift; sourceTree = "<group>"; };
		DDA5AD4629888630004B3D62 /* HomeViewController.swift */ = {isa = PBXFileReference; lastKnownFileType = sourcecode.swift; path = HomeViewController.swift; sourceTree = "<group>"; };
		DDA5AD4929888630004B3D62 /* Base */ = {isa = PBXFileReference; lastKnownFileType = file.storyboard; name = Base; path = Base.lproj/Main.storyboard; sourceTree = "<group>"; };
		DDA5AD4B29888631004B3D62 /* Assets.xcassets */ = {isa = PBXFileReference; lastKnownFileType = folder.assetcatalog; path = Assets.xcassets; sourceTree = "<group>"; };
		DDA5AD4E29888631004B3D62 /* Base */ = {isa = PBXFileReference; lastKnownFileType = file.storyboard; name = Base; path = Base.lproj/LaunchScreen.storyboard; sourceTree = "<group>"; };
		DDA5AD5029888631004B3D62 /* Info.plist */ = {isa = PBXFileReference; lastKnownFileType = text.plist.xml; path = Info.plist; sourceTree = "<group>"; };
		DDDBE70B298910C5007FA5C7 /* CustomView.swift */ = {isa = PBXFileReference; lastKnownFileType = sourcecode.swift; path = CustomView.swift; sourceTree = "<group>"; };
		DDDBE70D2989118C007FA5C7 /* CustomButton.swift */ = {isa = PBXFileReference; lastKnownFileType = sourcecode.swift; path = CustomButton.swift; sourceTree = "<group>"; };
		DDDBE70F29891506007FA5C7 /* CustomImageView.swift */ = {isa = PBXFileReference; lastKnownFileType = sourcecode.swift; path = CustomImageView.swift; sourceTree = "<group>"; };
		DDDCE726298A4C3900C33E2C /* OrderViewController.swift */ = {isa = PBXFileReference; lastKnownFileType = sourcecode.swift; path = OrderViewController.swift; sourceTree = "<group>"; };
		DDDCE72A298A4EA000C33E2C /* OrderTableViewCell.swift */ = {isa = PBXFileReference; lastKnownFileType = sourcecode.swift; path = OrderTableViewCell.swift; sourceTree = "<group>"; };
		DDDCE72B298A4EA000C33E2C /* OrderTableViewCell.xib */ = {isa = PBXFileReference; lastKnownFileType = file.xib; path = OrderTableViewCell.xib; sourceTree = "<group>"; };
		DDDCE72E298A755800C33E2C /* TableVIewCustomHeader.swift */ = {isa = PBXFileReference; lastKnownFileType = sourcecode.swift; path = TableVIewCustomHeader.swift; sourceTree = "<group>"; };
		DDDCE732298A781300C33E2C /* TableVIewCustomHeader.xib */ = {isa = PBXFileReference; lastKnownFileType = file.xib; path = TableVIewCustomHeader.xib; sourceTree = "<group>"; };
		DDE8FDD3298B875D00589A93 /* HotCoffeesViewController.swift */ = {isa = PBXFileReference; lastKnownFileType = sourcecode.swift; path = HotCoffeesViewController.swift; sourceTree = "<group>"; };
/* End PBXFileReference section */

/* Begin PBXFrameworksBuildPhase section */
		DDA5AD3C29888630004B3D62 /* Frameworks */ = {
			isa = PBXFrameworksBuildPhase;
			buildActionMask = 2147483647;
			files = (
				C049E483D7970309F9627AF0 /* Pods_RisingCamp_Week2.framework in Frameworks */,
			);
			runOnlyForDeploymentPostprocessing = 0;
		};
/* End PBXFrameworksBuildPhase section */

/* Begin PBXGroup section */
		068A4D9A89171129BE47C05B /* Pods */ = {
			isa = PBXGroup;
			children = (
				D5EBF559B30A0F9C662373A0 /* Pods-RisingCamp-Week2.debug.xcconfig */,
				15EC0A3DE5A6A4464D12C797 /* Pods-RisingCamp-Week2.release.xcconfig */,
			);
			path = Pods;
			sourceTree = "<group>";
		};
		834679004630825D986FA573 /* Frameworks */ = {
			isa = PBXGroup;
			children = (
				C84C84760D46347C00535C3A /* Pods_RisingCamp_Week2.framework */,
			);
			name = Frameworks;
			sourceTree = "<group>";
		};
		DD0212692989100A000A73FF /* View */ = {
			isa = PBXGroup;
			children = (
				DD0212672988C45D000A73FF /* CustomLabel.swift */,
				DDDBE70B298910C5007FA5C7 /* CustomView.swift */,
				DDDBE70D2989118C007FA5C7 /* CustomButton.swift */,
				DDDBE70F29891506007FA5C7 /* CustomImageView.swift */,
				DDDCE72A298A4EA000C33E2C /* OrderTableViewCell.swift */,
				DDDCE72B298A4EA000C33E2C /* OrderTableViewCell.xib */,
				DDDCE72E298A755800C33E2C /* TableVIewCustomHeader.swift */,
				DDDCE732298A781300C33E2C /* TableVIewCustomHeader.xib */,
			);
			path = View;
			sourceTree = "<group>";
		};
		DD2E9E5C2989E6BB00DEF7C7 /* Controller */ = {
			isa = PBXGroup;
			children = (
				DDA5AD4629888630004B3D62 /* HomeViewController.swift */,
				DDDCE726298A4C3900C33E2C /* OrderViewController.swift */,
				DDE8FDD3298B875D00589A93 /* HotCoffeesViewController.swift */,
				DD45D8E1298B8FB400F82544 /* HotCoffeesMenuViewController.swift */,
			);
			path = Controller;
			sourceTree = "<group>";
		};
		DDA5AD3629888630004B3D62 = {
			isa = PBXGroup;
			children = (
				DDA5AD4129888630004B3D62 /* RisingCamp-Week2 */,
				DDA5AD4029888630004B3D62 /* Products */,
				068A4D9A89171129BE47C05B /* Pods */,
				834679004630825D986FA573 /* Frameworks */,
			);
			sourceTree = "<group>";
		};
		DDA5AD4029888630004B3D62 /* Products */ = {
			isa = PBXGroup;
			children = (
				DDA5AD3F29888630004B3D62 /* RisingCamp-Week2.app */,
			);
			name = Products;
			sourceTree = "<group>";
		};
		DDA5AD4129888630004B3D62 /* RisingCamp-Week2 */ = {
			isa = PBXGroup;
			children = (
				DDE8FDD2298B45A400589A93 /* Model */,
				DD0212692989100A000A73FF /* View */,
				DD2E9E5C2989E6BB00DEF7C7 /* Controller */,
				DDA5AD4229888630004B3D62 /* AppDelegate.swift */,
				DDA5AD4429888630004B3D62 /* SceneDelegate.swift */,
				DDA5AD4829888630004B3D62 /* Main.storyboard */,
				DDA5AD4B29888631004B3D62 /* Assets.xcassets */,
				DDA5AD4D29888631004B3D62 /* LaunchScreen.storyboard */,
				DDA5AD5029888631004B3D62 /* Info.plist */,
			);
			path = "RisingCamp-Week2";
			sourceTree = "<group>";
		};
		DDE8FDD2298B45A400589A93 /* Model */ = {
			isa = PBXGroup;
			children = (
			);
			path = Model;
			sourceTree = "<group>";
		};
/* End PBXGroup section */

/* Begin PBXNativeTarget section */
		DDA5AD3E29888630004B3D62 /* RisingCamp-Week2 */ = {
			isa = PBXNativeTarget;
			buildConfigurationList = DDA5AD5329888631004B3D62 /* Build configuration list for PBXNativeTarget "RisingCamp-Week2" */;
			buildPhases = (
				D4104EDB50294070A29DBC87 /* [CP] Check Pods Manifest.lock */,
				DDA5AD3B29888630004B3D62 /* Sources */,
				DDA5AD3C29888630004B3D62 /* Frameworks */,
				DDA5AD3D29888630004B3D62 /* Resources */,
				0F6D17DCE4DD4B730F43F7C4 /* [CP] Embed Pods Frameworks */,
			);
			buildRules = (
			);
			dependencies = (
			);
			name = "RisingCamp-Week2";
			productName = "RisingCamp-Week2";
			productReference = DDA5AD3F29888630004B3D62 /* RisingCamp-Week2.app */;
			productType = "com.apple.product-type.application";
		};
/* End PBXNativeTarget section */

/* Begin PBXProject section */
		DDA5AD3729888630004B3D62 /* Project object */ = {
			isa = PBXProject;
			attributes = {
				BuildIndependentTargetsInParallel = 1;
				LastSwiftUpdateCheck = 1420;
				LastUpgradeCheck = 1420;
				TargetAttributes = {
					DDA5AD3E29888630004B3D62 = {
						CreatedOnToolsVersion = 14.2;
					};
				};
			};
			buildConfigurationList = DDA5AD3A29888630004B3D62 /* Build configuration list for PBXProject "RisingCamp-Week2" */;
			compatibilityVersion = "Xcode 13.0";
			developmentRegion = en;
			hasScannedForEncodings = 0;
			knownRegions = (
				en,
				Base,
			);
			mainGroup = DDA5AD3629888630004B3D62;
			productRefGroup = DDA5AD4029888630004B3D62 /* Products */;
			projectDirPath = "";
			projectRoot = "";
			targets = (
				DDA5AD3E29888630004B3D62 /* RisingCamp-Week2 */,
			);
		};
/* End PBXProject section */

/* Begin PBXResourcesBuildPhase section */
		DDA5AD3D29888630004B3D62 /* Resources */ = {
			isa = PBXResourcesBuildPhase;
			buildActionMask = 2147483647;
			files = (
				DDA5AD4F29888631004B3D62 /* LaunchScreen.storyboard in Resources */,
				DDA5AD4C29888631004B3D62 /* Assets.xcassets in Resources */,
				DDDCE72D298A4EA000C33E2C /* OrderTableViewCell.xib in Resources */,
				DDA5AD4A29888630004B3D62 /* Main.storyboard in Resources */,
				DDDCE733298A781300C33E2C /* TableVIewCustomHeader.xib in Resources */,
			);
			runOnlyForDeploymentPostprocessing = 0;
		};
/* End PBXResourcesBuildPhase section */

/* Begin PBXShellScriptBuildPhase section */
		0F6D17DCE4DD4B730F43F7C4 /* [CP] Embed Pods Frameworks */ = {
			isa = PBXShellScriptBuildPhase;
			buildActionMask = 2147483647;
			files = (
			);
			inputFileListPaths = (
				"${PODS_ROOT}/Target Support Files/Pods-RisingCamp-Week2/Pods-RisingCamp-Week2-frameworks-${CONFIGURATION}-input-files.xcfilelist",
			);
			name = "[CP] Embed Pods Frameworks";
			outputFileListPaths = (
				"${PODS_ROOT}/Target Support Files/Pods-RisingCamp-Week2/Pods-RisingCamp-Week2-frameworks-${CONFIGURATION}-output-files.xcfilelist",
			);
			runOnlyForDeploymentPostprocessing = 0;
			shellPath = /bin/sh;
			shellScript = "\"${PODS_ROOT}/Target Support Files/Pods-RisingCamp-Week2/Pods-RisingCamp-Week2-frameworks.sh\"\n";
			showEnvVarsInLog = 0;
		};
		D4104EDB50294070A29DBC87 /* [CP] Check Pods Manifest.lock */ = {
			isa = PBXShellScriptBuildPhase;
			buildActionMask = 2147483647;
			files = (
			);
			inputFileListPaths = (
			);
			inputPaths = (
				"${PODS_PODFILE_DIR_PATH}/Podfile.lock",
				"${PODS_ROOT}/Manifest.lock",
			);
			name = "[CP] Check Pods Manifest.lock";
			outputFileListPaths = (
			);
			outputPaths = (
				"$(DERIVED_FILE_DIR)/Pods-RisingCamp-Week2-checkManifestLockResult.txt",
			);
			runOnlyForDeploymentPostprocessing = 0;
			shellPath = /bin/sh;
			shellScript = "diff \"${PODS_PODFILE_DIR_PATH}/Podfile.lock\" \"${PODS_ROOT}/Manifest.lock\" > /dev/null\nif [ $? != 0 ] ; then\n    # print error to STDERR\n    echo \"error: The sandbox is not in sync with the Podfile.lock. Run 'pod install' or update your CocoaPods installation.\" >&2\n    exit 1\nfi\n# This output is used by Xcode 'outputs' to avoid re-running this script phase.\necho \"SUCCESS\" > \"${SCRIPT_OUTPUT_FILE_0}\"\n";
			showEnvVarsInLog = 0;
		};
/* End PBXShellScriptBuildPhase section */

/* Begin PBXSourcesBuildPhase section */
		DDA5AD3B29888630004B3D62 /* Sources */ = {
			isa = PBXSourcesBuildPhase;
			buildActionMask = 2147483647;
			files = (
				DDDBE70C298910C5007FA5C7 /* CustomView.swift in Sources */,
				DDE8FDD4298B875D00589A93 /* HotCoffeesViewController.swift in Sources */,
				DDA5AD4729888630004B3D62 /* HomeViewController.swift in Sources */,
				DD45D8E2298B8FB400F82544 /* HotCoffeesMenuViewController.swift in Sources */,
				DDDBE70E2989118C007FA5C7 /* CustomButton.swift in Sources */,
				DDDBE71029891506007FA5C7 /* CustomImageView.swift in Sources */,
				DDA5AD4329888630004B3D62 /* AppDelegate.swift in Sources */,
				DDA5AD4529888630004B3D62 /* SceneDelegate.swift in Sources */,
				DDDCE72C298A4EA000C33E2C /* OrderTableViewCell.swift in Sources */,
				DD0212682988C45D000A73FF /* CustomLabel.swift in Sources */,
				DDDCE727298A4C3900C33E2C /* OrderViewController.swift in Sources */,
				DDDCE72F298A755800C33E2C /* TableVIewCustomHeader.swift in Sources */,
			);
			runOnlyForDeploymentPostprocessing = 0;
		};
/* End PBXSourcesBuildPhase section */

/* Begin PBXVariantGroup section */
		DDA5AD4829888630004B3D62 /* Main.storyboard */ = {
			isa = PBXVariantGroup;
			children = (
				DDA5AD4929888630004B3D62 /* Base */,
			);
			name = Main.storyboard;
			sourceTree = "<group>";
		};
		DDA5AD4D29888631004B3D62 /* LaunchScreen.storyboard */ = {
			isa = PBXVariantGroup;
			children = (
				DDA5AD4E29888631004B3D62 /* Base */,
			);
			name = LaunchScreen.storyboard;
			sourceTree = "<group>";
		};
/* End PBXVariantGroup section */

/* Begin XCBuildConfiguration section */
		DDA5AD5129888631004B3D62 /* Debug */ = {
			isa = XCBuildConfiguration;
			buildSettings = {
				ALWAYS_SEARCH_USER_PATHS = NO;
				CLANG_ANALYZER_NONNULL = YES;
				CLANG_ANALYZER_NUMBER_OBJECT_CONVERSION = YES_AGGRESSIVE;
				CLANG_CXX_LANGUAGE_STANDARD = "gnu++20";
				CLANG_ENABLE_MODULES = YES;
				CLANG_ENABLE_OBJC_ARC = YES;
				CLANG_ENABLE_OBJC_WEAK = YES;
				CLANG_WARN_BLOCK_CAPTURE_AUTORELEASING = YES;
				CLANG_WARN_BOOL_CONVERSION = YES;
				CLANG_WARN_COMMA = YES;
				CLANG_WARN_CONSTANT_CONVERSION = YES;
				CLANG_WARN_DEPRECATED_OBJC_IMPLEMENTATIONS = YES;
				CLANG_WARN_DIRECT_OBJC_ISA_USAGE = YES_ERROR;
				CLANG_WARN_DOCUMENTATION_COMMENTS = YES;
				CLANG_WARN_EMPTY_BODY = YES;
				CLANG_WARN_ENUM_CONVERSION = YES;
				CLANG_WARN_INFINITE_RECURSION = YES;
				CLANG_WARN_INT_CONVERSION = YES;
				CLANG_WARN_NON_LITERAL_NULL_CONVERSION = YES;
				CLANG_WARN_OBJC_IMPLICIT_RETAIN_SELF = YES;
				CLANG_WARN_OBJC_LITERAL_CONVERSION = YES;
				CLANG_WARN_OBJC_ROOT_CLASS = YES_ERROR;
				CLANG_WARN_QUOTED_INCLUDE_IN_FRAMEWORK_HEADER = YES;
				CLANG_WARN_RANGE_LOOP_ANALYSIS = YES;
				CLANG_WARN_STRICT_PROTOTYPES = YES;
				CLANG_WARN_SUSPICIOUS_MOVE = YES;
				CLANG_WARN_UNGUARDED_AVAILABILITY = YES_AGGRESSIVE;
				CLANG_WARN_UNREACHABLE_CODE = YES;
				CLANG_WARN__DUPLICATE_METHOD_MATCH = YES;
				COPY_PHASE_STRIP = NO;
				DEBUG_INFORMATION_FORMAT = dwarf;
				ENABLE_STRICT_OBJC_MSGSEND = YES;
				ENABLE_TESTABILITY = YES;
				GCC_C_LANGUAGE_STANDARD = gnu11;
				GCC_DYNAMIC_NO_PIC = NO;
				GCC_NO_COMMON_BLOCKS = YES;
				GCC_OPTIMIZATION_LEVEL = 0;
				GCC_PREPROCESSOR_DEFINITIONS = (
					"DEBUG=1",
					"$(inherited)",
				);
				GCC_WARN_64_TO_32_BIT_CONVERSION = YES;
				GCC_WARN_ABOUT_RETURN_TYPE = YES_ERROR;
				GCC_WARN_UNDECLARED_SELECTOR = YES;
				GCC_WARN_UNINITIALIZED_AUTOS = YES_AGGRESSIVE;
				GCC_WARN_UNUSED_FUNCTION = YES;
				GCC_WARN_UNUSED_VARIABLE = YES;
				IPHONEOS_DEPLOYMENT_TARGET = 16.2;
				MTL_ENABLE_DEBUG_INFO = INCLUDE_SOURCE;
				MTL_FAST_MATH = YES;
				ONLY_ACTIVE_ARCH = YES;
				SDKROOT = iphoneos;
				SWIFT_ACTIVE_COMPILATION_CONDITIONS = DEBUG;
				SWIFT_OPTIMIZATION_LEVEL = "-Onone";
			};
			name = Debug;
		};
		DDA5AD5229888631004B3D62 /* Release */ = {
			isa = XCBuildConfiguration;
			buildSettings = {
				ALWAYS_SEARCH_USER_PATHS = NO;
				CLANG_ANALYZER_NONNULL = YES;
				CLANG_ANALYZER_NUMBER_OBJECT_CONVERSION = YES_AGGRESSIVE;
				CLANG_CXX_LANGUAGE_STANDARD = "gnu++20";
				CLANG_ENABLE_MODULES = YES;
				CLANG_ENABLE_OBJC_ARC = YES;
				CLANG_ENABLE_OBJC_WEAK = YES;
				CLANG_WARN_BLOCK_CAPTURE_AUTORELEASING = YES;
				CLANG_WARN_BOOL_CONVERSION = YES;
				CLANG_WARN_COMMA = YES;
				CLANG_WARN_CONSTANT_CONVERSION = YES;
				CLANG_WARN_DEPRECATED_OBJC_IMPLEMENTATIONS = YES;
				CLANG_WARN_DIRECT_OBJC_ISA_USAGE = YES_ERROR;
				CLANG_WARN_DOCUMENTATION_COMMENTS = YES;
				CLANG_WARN_EMPTY_BODY = YES;
				CLANG_WARN_ENUM_CONVERSION = YES;
				CLANG_WARN_INFINITE_RECURSION = YES;
				CLANG_WARN_INT_CONVERSION = YES;
				CLANG_WARN_NON_LITERAL_NULL_CONVERSION = YES;
				CLANG_WARN_OBJC_IMPLICIT_RETAIN_SELF = YES;
				CLANG_WARN_OBJC_LITERAL_CONVERSION = YES;
				CLANG_WARN_OBJC_ROOT_CLASS = YES_ERROR;
				CLANG_WARN_QUOTED_INCLUDE_IN_FRAMEWORK_HEADER = YES;
				CLANG_WARN_RANGE_LOOP_ANALYSIS = YES;
				CLANG_WARN_STRICT_PROTOTYPES = YES;
				CLANG_WARN_SUSPICIOUS_MOVE = YES;
				CLANG_WARN_UNGUARDED_AVAILABILITY = YES_AGGRESSIVE;
				CLANG_WARN_UNREACHABLE_CODE = YES;
				CLANG_WARN__DUPLICATE_METHOD_MATCH = YES;
				COPY_PHASE_STRIP = NO;
				DEBUG_INFORMATION_FORMAT = "dwarf-with-dsym";
				ENABLE_NS_ASSERTIONS = NO;
				ENABLE_STRICT_OBJC_MSGSEND = YES;
				GCC_C_LANGUAGE_STANDARD = gnu11;
				GCC_NO_COMMON_BLOCKS = YES;
				GCC_WARN_64_TO_32_BIT_CONVERSION = YES;
				GCC_WARN_ABOUT_RETURN_TYPE = YES_ERROR;
				GCC_WARN_UNDECLARED_SELECTOR = YES;
				GCC_WARN_UNINITIALIZED_AUTOS = YES_AGGRESSIVE;
				GCC_WARN_UNUSED_FUNCTION = YES;
				GCC_WARN_UNUSED_VARIABLE = YES;
				IPHONEOS_DEPLOYMENT_TARGET = 16.2;
				MTL_ENABLE_DEBUG_INFO = NO;
				MTL_FAST_MATH = YES;
				SDKROOT = iphoneos;
				SWIFT_COMPILATION_MODE = wholemodule;
				SWIFT_OPTIMIZATION_LEVEL = "-O";
				VALIDATE_PRODUCT = YES;
			};
			name = Release;
		};
		DDA5AD5429888631004B3D62 /* Debug */ = {
			isa = XCBuildConfiguration;
			baseConfigurationReference = D5EBF559B30A0F9C662373A0 /* Pods-RisingCamp-Week2.debug.xcconfig */;
			buildSettings = {
				ASSETCATALOG_COMPILER_APPICON_NAME = AppIcon;
				ASSETCATALOG_COMPILER_GLOBAL_ACCENT_COLOR_NAME = AccentColor;
				CODE_SIGN_STYLE = Automatic;
				CURRENT_PROJECT_VERSION = 1;
				DEVELOPMENT_TEAM = J83X8YAG93;
				GENERATE_INFOPLIST_FILE = YES;
				INFOPLIST_FILE = "RisingCamp-Week2/Info.plist";
				INFOPLIST_KEY_UIApplicationSupportsIndirectInputEvents = YES;
				INFOPLIST_KEY_UILaunchStoryboardName = LaunchScreen;
				INFOPLIST_KEY_UIMainStoryboardFile = Main;
				INFOPLIST_KEY_UISupportedInterfaceOrientations_iPad = "UIInterfaceOrientationPortrait UIInterfaceOrientationPortraitUpsideDown UIInterfaceOrientationLandscapeLeft UIInterfaceOrientationLandscapeRight";
				INFOPLIST_KEY_UISupportedInterfaceOrientations_iPhone = "UIInterfaceOrientationPortrait UIInterfaceOrientationLandscapeLeft UIInterfaceOrientationLandscapeRight";
				LD_RUNPATH_SEARCH_PATHS = (
					"$(inherited)",
					"@executable_path/Frameworks",
				);
				MARKETING_VERSION = 1.0;
				PRODUCT_BUNDLE_IDENTIFIER = "IksangYoo.RisingCamp-Week2";
				PRODUCT_NAME = "$(TARGET_NAME)";
				SWIFT_EMIT_LOC_STRINGS = YES;
				SWIFT_VERSION = 5.0;
				TARGETED_DEVICE_FAMILY = "1,2";
			};
			name = Debug;
		};
		DDA5AD5529888631004B3D62 /* Release */ = {
			isa = XCBuildConfiguration;
			baseConfigurationReference = 15EC0A3DE5A6A4464D12C797 /* Pods-RisingCamp-Week2.release.xcconfig */;
			buildSettings = {
				ASSETCATALOG_COMPILER_APPICON_NAME = AppIcon;
				ASSETCATALOG_COMPILER_GLOBAL_ACCENT_COLOR_NAME = AccentColor;
				CODE_SIGN_STYLE = Automatic;
				CURRENT_PROJECT_VERSION = 1;
				DEVELOPMENT_TEAM = J83X8YAG93;
				GENERATE_INFOPLIST_FILE = YES;
				INFOPLIST_FILE = "RisingCamp-Week2/Info.plist";
				INFOPLIST_KEY_UIApplicationSupportsIndirectInputEvents = YES;
				INFOPLIST_KEY_UILaunchStoryboardName = LaunchScreen;
				INFOPLIST_KEY_UIMainStoryboardFile = Main;
				INFOPLIST_KEY_UISupportedInterfaceOrientations_iPad = "UIInterfaceOrientationPortrait UIInterfaceOrientationPortraitUpsideDown UIInterfaceOrientationLandscapeLeft UIInterfaceOrientationLandscapeRight";
				INFOPLIST_KEY_UISupportedInterfaceOrientations_iPhone = "UIInterfaceOrientationPortrait UIInterfaceOrientationLandscapeLeft UIInterfaceOrientationLandscapeRight";
				LD_RUNPATH_SEARCH_PATHS = (
					"$(inherited)",
					"@executable_path/Frameworks",
				);
				MARKETING_VERSION = 1.0;
				PRODUCT_BUNDLE_IDENTIFIER = "IksangYoo.RisingCamp-Week2";
				PRODUCT_NAME = "$(TARGET_NAME)";
				SWIFT_EMIT_LOC_STRINGS = YES;
				SWIFT_VERSION = 5.0;
				TARGETED_DEVICE_FAMILY = "1,2";
			};
			name = Release;
		};
/* End XCBuildConfiguration section */

/* Begin XCConfigurationList section */
		DDA5AD3A29888630004B3D62 /* Build configuration list for PBXProject "RisingCamp-Week2" */ = {
			isa = XCConfigurationList;
			buildConfigurations = (
				DDA5AD5129888631004B3D62 /* Debug */,
				DDA5AD5229888631004B3D62 /* Release */,
			);
			defaultConfigurationIsVisible = 0;
			defaultConfigurationName = Release;
		};
		DDA5AD5329888631004B3D62 /* Build configuration list for PBXNativeTarget "RisingCamp-Week2" */ = {
			isa = XCConfigurationList;
			buildConfigurations = (
				DDA5AD5429888631004B3D62 /* Debug */,
				DDA5AD5529888631004B3D62 /* Release */,
			);
			defaultConfigurationIsVisible = 0;
			defaultConfigurationName = Release;
		};
/* End XCConfigurationList section */
	};
	rootObject = DDA5AD3729888630004B3D62 /* Project object */;
}
